
Microsoft Visual Studio Solution File, Format Version 12.00
# Visual Studio Version 17
VisualStudioVersion = 17.0.31903.59
MinimumVisualStudioVersion = 10.0.40219.1
Project("{FAE04EC0-301F-11D3-BF4B-00C04F79EFBC}") = "Api", "Api\Api.csproj", "{20B3856C-A31E-45C3-84F4-D131215B07B8}"
EndProject
Project("{FAE04EC0-301F-11D3-BF4B-00C04F79EFBC}") = "Worker", "Worker\Worker.csproj", "{D3675EA7-69E3-490F-A66C-F6C7F82E690A}"
EndProject
Global
	GlobalSection(SolutionConfigurationPlatforms) = preSolution
		Debug|Any CPU = Debug|Any CPU
		Release|Any CPU = Release|Any CPU
	EndGlobalSection
	GlobalSection(SolutionProperties) = preSolution
		HideSolutionNode = FALSE
	EndGlobalSection
	GlobalSection(ProjectConfigurationPlatforms) = postSolution
		{20B3856C-A31E-45C3-84F4-D131215B07B8}.Debug|Any CPU.ActiveCfg = Debug|Any CPU
		{20B3856C-A31E-45C3-84F4-D131215B07B8}.Debug|Any CPU.Build.0 = Debug|Any CPU
		{20B3856C-A31E-45C3-84F4-D131215B07B8}.Release|Any CPU.ActiveCfg = Release|Any CPU
		{20B3856C-A31E-45C3-84F4-D131215B07B8}.Release|Any CPU.Build.0 = Release|Any CPU
		{D3675EA7-69E3-490F-A66C-F6C7F82E690A}.Debug|Any CPU.ActiveCfg = Debug|Any CPU
		{D3675EA7-69E3-490F-A66C-F6C7F82E690A}.Debug|Any CPU.Build.0 = Debug|Any CPU
		{D3675EA7-69E3-490F-A66C-F6C7F82E690A}.Release|Any CPU.ActiveCfg = Release|Any CPU
		{D3675EA7-69E3-490F-A66C-F6C7F82E690A}.Release|Any CPU.Build.0 = Release|Any CPU
	EndGlobalSection
EndGlobal
